
Microsoft Visual Studio Solution File, Format Version 12.00
# Visual Studio Version 17
VisualStudioVersion = 17.7.34221.43
MinimumVisualStudioVersion = 10.0.40219.1
Project("{9A19103F-16F7-4668-BE54-9A1E7A4F7556}") = "POS.Application.API", "POS.Application.API\POS.Application.API.csproj", "{8CE78B3E-FFB2-475B-8E4B-8BFE48B72C23}"
EndProject
Project("{2150E333-8FDC-42A3-9474-1A3956D46DE8}") = "0 - Application", "0 - Application", "{C5E3C00B-79C3-4091-8C80-9A673D69C64D}"
EndProject
Project("{2150E333-8FDC-42A3-9474-1A3956D46DE8}") = "1 - Service", "1 - Service", "{8184087E-604F-4BA5-9402-E048B63FF65A}"
EndProject
Project("{2150E333-8FDC-42A3-9474-1A3956D46DE8}") = "2 - Domain", "2 - Domain", "{27ED0057-486D-430A-B3DC-89067190CE2B}"
EndProject
Project("{2150E333-8FDC-42A3-9474-1A3956D46DE8}") = "3 - Data", "3 - Data", "{1F69813C-99B0-4514-B51E-621832F14EB4}"
EndProject
Project("{2150E333-8FDC-42A3-9474-1A3956D46DE8}") = "4 - Test", "4 - Test", "{6F466574-1F6E-4A1B-9F3F-4E063E9432B7}"
EndProject
Project("{9A19103F-16F7-4668-BE54-9A1E7A4F7556}") = "Service", "Service\Service.csproj", "{8C3A71FC-A69C-4C95-A652-613C52EA11D8}"
EndProject
Project("{9A19103F-16F7-4668-BE54-9A1E7A4F7556}") = "Domain", "Domain\Domain.csproj", "{922579A2-38FE-4382-A26A-1BCE46D59144}"
EndProject
Project("{9A19103F-16F7-4668-BE54-9A1E7A4F7556}") = "Test", "Test\Test.csproj", "{9A5D55FE-7CB9-4C09-8B55-4FB9CEA258E6}"
EndProject
Project("{9A19103F-16F7-4668-BE54-9A1E7A4F7556}") = "Data.Infra", "Data.Infra\Data.Infra.csproj", "{2FDB8BA2-79F2-448D-8288-D2EC04DD0057}"
EndProject
Project("{9A19103F-16F7-4668-BE54-9A1E7A4F7556}") = "RabbitMQWorker", "RabbitMQWorker\RabbitMQWorker.csproj", "{5EED229E-EC18-42AA-9E14-98C89CC08C3B}"
EndProject
Project("{9A19103F-16F7-4668-BE54-9A1E7A4F7556}") = "IoC.infra", "CrossCutting\IoC.infra.csproj", "{620A92CC-5488-4BDC-BDE1-EF947C7932BC}"
EndProject
Global
	GlobalSection(SolutionConfigurationPlatforms) = preSolution
		Debug|Any CPU = Debug|Any CPU
		Release|Any CPU = Release|Any CPU
	EndGlobalSection
	GlobalSection(ProjectConfigurationPlatforms) = postSolution
		{8CE78B3E-FFB2-475B-8E4B-8BFE48B72C23}.Debug|Any CPU.ActiveCfg = Debug|Any CPU
		{8CE78B3E-FFB2-475B-8E4B-8BFE48B72C23}.Debug|Any CPU.Build.0 = Debug|Any CPU
		{8CE78B3E-FFB2-475B-8E4B-8BFE48B72C23}.Release|Any CPU.ActiveCfg = Release|Any CPU
		{8CE78B3E-FFB2-475B-8E4B-8BFE48B72C23}.Release|Any CPU.Build.0 = Release|Any CPU
		{8C3A71FC-A69C-4C95-A652-613C52EA11D8}.Debug|Any CPU.ActiveCfg = Debug|Any CPU
		{8C3A71FC-A69C-4C95-A652-613C52EA11D8}.Debug|Any CPU.Build.0 = Debug|Any CPU
		{8C3A71FC-A69C-4C95-A652-613C52EA11D8}.Release|Any CPU.ActiveCfg = Release|Any CPU
		{8C3A71FC-A69C-4C95-A652-613C52EA11D8}.Release|Any CPU.Build.0 = Release|Any CPU
		{922579A2-38FE-4382-A26A-1BCE46D59144}.Debug|Any CPU.ActiveCfg = Debug|Any CPU
		{922579A2-38FE-4382-A26A-1BCE46D59144}.Debug|Any CPU.Build.0 = Debug|Any CPU
		{922579A2-38FE-4382-A26A-1BCE46D59144}.Release|Any CPU.ActiveCfg = Release|Any CPU
		{922579A2-38FE-4382-A26A-1BCE46D59144}.Release|Any CPU.Build.0 = Release|Any CPU
		{9A5D55FE-7CB9-4C09-8B55-4FB9CEA258E6}.Debug|Any CPU.ActiveCfg = Debug|Any CPU
		{9A5D55FE-7CB9-4C09-8B55-4FB9CEA258E6}.Debug|Any CPU.Build.0 = Debug|Any CPU
		{9A5D55FE-7CB9-4C09-8B55-4FB9CEA258E6}.Release|Any CPU.ActiveCfg = Release|Any CPU
		{9A5D55FE-7CB9-4C09-8B55-4FB9CEA258E6}.Release|Any CPU.Build.0 = Release|Any CPU
		{2FDB8BA2-79F2-448D-8288-D2EC04DD0057}.Debug|Any CPU.ActiveCfg = Debug|Any CPU
		{2FDB8BA2-79F2-448D-8288-D2EC04DD0057}.Debug|Any CPU.Build.0 = Debug|Any CPU
		{2FDB8BA2-79F2-448D-8288-D2EC04DD0057}.Release|Any CPU.ActiveCfg = Release|Any CPU
		{2FDB8BA2-79F2-448D-8288-D2EC04DD0057}.Release|Any CPU.Build.0 = Release|Any CPU
		{5EED229E-EC18-42AA-9E14-98C89CC08C3B}.Debug|Any CPU.ActiveCfg = Debug|Any CPU
		{5EED229E-EC18-42AA-9E14-98C89CC08C3B}.Debug|Any CPU.Build.0 = Debug|Any CPU
		{5EED229E-EC18-42AA-9E14-98C89CC08C3B}.Release|Any CPU.ActiveCfg = Release|Any CPU
		{5EED229E-EC18-42AA-9E14-98C89CC08C3B}.Release|Any CPU.Build.0 = Release|Any CPU
		{620A92CC-5488-4BDC-BDE1-EF947C7932BC}.Debug|Any CPU.ActiveCfg = Debug|Any CPU
		{620A92CC-5488-4BDC-BDE1-EF947C7932BC}.Debug|Any CPU.Build.0 = Debug|Any CPU
		{620A92CC-5488-4BDC-BDE1-EF947C7932BC}.Release|Any CPU.ActiveCfg = Release|Any CPU
		{620A92CC-5488-4BDC-BDE1-EF947C7932BC}.Release|Any CPU.Build.0 = Release|Any CPU
	EndGlobalSection
	GlobalSection(SolutionProperties) = preSolution
		HideSolutionNode = FALSE
	EndGlobalSection
	GlobalSection(NestedProjects) = preSolution
		{8CE78B3E-FFB2-475B-8E4B-8BFE48B72C23} = {C5E3C00B-79C3-4091-8C80-9A673D69C64D}
		{8C3A71FC-A69C-4C95-A652-613C52EA11D8} = {8184087E-604F-4BA5-9402-E048B63FF65A}
		{922579A2-38FE-4382-A26A-1BCE46D59144} = {27ED0057-486D-430A-B3DC-89067190CE2B}
		{9A5D55FE-7CB9-4C09-8B55-4FB9CEA258E6} = {6F466574-1F6E-4A1B-9F3F-4E063E9432B7}
		{2FDB8BA2-79F2-448D-8288-D2EC04DD0057} = {1F69813C-99B0-4514-B51E-621832F14EB4}
		{5EED229E-EC18-42AA-9E14-98C89CC08C3B} = {C5E3C00B-79C3-4091-8C80-9A673D69C64D}
		{620A92CC-5488-4BDC-BDE1-EF947C7932BC} = {1F69813C-99B0-4514-B51E-621832F14EB4}
	EndGlobalSection
	GlobalSection(ExtensibilityGlobals) = postSolution
		SolutionGuid = {967A0959-AF4F-4742-BAE2-F1B69846C147}
	EndGlobalSection
EndGlobal
